<?xml version="1.0" encoding="utf-8"?>
<Project ToolsVersion="4.0" xmlns="http://schemas.microsoft.com/developer/msbuild/2003">
  <ItemGroup>
    <Filter Include="Source Files">
      <UniqueIdentifier>{4FC737F1-C7A5-4376-A066-2A32D752A2FF}</UniqueIdentifier>
      <Extensions>cpp;c;cc;cxx;def;odl;idl;hpj;bat;asm;asmx</Extensions>
    </Filter>
    <Filter Include="Header Files">
      <UniqueIdentifier>{93995380-89BD-4b04-88EB-625FBE52EBFB}</UniqueIdentifier>
      <Extensions>h;hpp;hxx;hm;inl;inc;xsd</Extensions>
    </Filter>
    <Filter Include="Resource Files">
      <UniqueIdentifier>{67DA6AB6-F800-4c08-8B7A-83BB121AAD01}</UniqueIdentifier>
      <Extensions>rc;ico;cur;bmp;dlg;rc2;rct;bin;rgs;gif;jpg;jpeg;jpe;resx;tiff;tif;png;wav;mfcribbon-ms</Extensions>
    </Filter>
    <Filter Include="Shaders">
      <UniqueIdentifier>{e11479ef-8a44-4ba5-9d5a-c14237485115}</UniqueIdentifier>
    </Filter>
    <Filter Include="Source Files\Rendering">
      <UniqueIdentifier>{c04380b7-8eed-4862-84a7-2ddf7d376191}</UniqueIdentifier>
    </Filter>
    <Filter Include="Source Files\Rendering\Camera">
      <UniqueIdentifier>{0f2ded3a-d416-471a-a26e-9ba604cdf19f}</UniqueIdentifier>
    </Filter>
    <Filter Include="Source Files\Input">
      <UniqueIdentifier>{e642ad35-25b6-4de0-9cb9-378ad411a87f}</UniqueIdentifier>
    </Filter>
    <Filter Include="Header Files\Input">
      <UniqueIdentifier>{831ccaef-db95-4afb-95fd-adaf179524bc}</UniqueIdentifier>
    </Filter>
    <Filter Include="Header Files\Rendering">
      <UniqueIdentifier>{62775e45-4f7f-4427-be8c-45cb16df0016}</UniqueIdentifier>
    </Filter>
    <Filter Include="Header Files\Rendering\Camera">
      <UniqueIdentifier>{6213102a-bd63-49cb-9ec4-a56fd3efc0d3}</UniqueIdentifier>
    </Filter>
    <Filter Include="Header Files\Rendering\Lighting">
      <UniqueIdentifier>{d414f974-fbf8-4c6e-b7e1-56711f44044d}</UniqueIdentifier>
    </Filter>
    <Filter Include="Source Files\CoreEngine">
      <UniqueIdentifier>{1c8dd48f-7e99-45cd-aab9-83430daf2a93}</UniqueIdentifier>
    </Filter>
    <Filter Include="Header Files\CoreEngine">
      <UniqueIdentifier>{e9ae5114-dc3e-41e2-bd70-17af0503b703}</UniqueIdentifier>
    </Filter>
    <Filter Include="Scripts">
      <UniqueIdentifier>{7789f504-c7d4-4c25-a5b1-8a3bd4b09fee}</UniqueIdentifier>
    </Filter>
    <Filter Include="Source Files\Component">
      <UniqueIdentifier>{565f5f41-4556-4774-8d5c-e71f3557ad11}</UniqueIdentifier>
    </Filter>
    <Filter Include="Header Files\Component">
      <UniqueIdentifier>{7f28f136-d1df-4c04-b612-b69db5144194}</UniqueIdentifier>
    </Filter>
    <Filter Include="Source Files\System">
      <UniqueIdentifier>{3622c3e5-0359-45ed-9f3c-9ab41925cd85}</UniqueIdentifier>
    </Filter>
    <Filter Include="Header Files\Scripting">
      <UniqueIdentifier>{343d1828-8619-4bb5-b52d-1abb12d59696}</UniqueIdentifier>
    </Filter>
    <Filter Include="Header Files\System">
      <UniqueIdentifier>{df78f7da-ea1d-439c-8751-6416713aec77}</UniqueIdentifier>
    </Filter>
    <Filter Include="Source Files\GUI">
      <UniqueIdentifier>{b6b31d27-4252-4eb2-9ceb-5a7811de889c}</UniqueIdentifier>
    </Filter>
    <Filter Include="Header Files\GUI">
      <UniqueIdentifier>{706134f9-e1a7-473d-870d-d3f233b89a2c}</UniqueIdentifier>
    </Filter>
    <Filter Include="ImGUI Dependencies">
      <UniqueIdentifier>{bc0fea48-0e2c-4490-9c97-9899a7424546}</UniqueIdentifier>
    </Filter>
    <Filter Include="Header Files\Rendering\ParticleSystem">
      <UniqueIdentifier>{4056dc8c-66a1-45cd-bb5a-1926eecfdad6}</UniqueIdentifier>
    </Filter>
    <Filter Include="Source Files\Rendering\ParticleSystem">
      <UniqueIdentifier>{51ebbeee-238d-40ac-be8a-78288aea3c65}</UniqueIdentifier>
    </Filter>
  </ItemGroup>
  <ItemGroup>
    <ClCompile Include="Main.cpp">
      <Filter>Source Files</Filter>
    </ClCompile>
    <ClCompile Include="Camera.cpp">
      <Filter>Source Files\Rendering\Camera</Filter>
    </ClCompile>
    <ClCompile Include="DirectXGameCore.cpp">
      <Filter>Source Files\Rendering</Filter>
    </ClCompile>
    <ClCompile Include="dxerr.cpp">
      <Filter>Source Files\Rendering</Filter>
    </ClCompile>
    <ClCompile Include="HUD.cpp">
      <Filter>Source Files\Rendering</Filter>
    </ClCompile>
    <ClCompile Include="Material.cpp">
      <Filter>Source Files\Rendering</Filter>
    </ClCompile>
    <ClCompile Include="Mesh.cpp">
      <Filter>Source Files\Rendering</Filter>
    </ClCompile>
    <ClCompile Include="SimpleShader.cpp">
      <Filter>Source Files\Rendering</Filter>
    </ClCompile>
    <ClCompile Include="InputManager.cpp">
      <Filter>Source Files\Input</Filter>
    </ClCompile>
    <ClCompile Include="AssimpLoader.cpp">
      <Filter>Source Files\Rendering</Filter>
    </ClCompile>
    <ClCompile Include="Texture.cpp">
      <Filter>Source Files\Rendering</Filter>
    </ClCompile>
    <ClCompile Include="NativeWindow.cpp">
      <Filter>Source Files</Filter>
    </ClCompile>
    <ClCompile Include="RenderingSystem.cpp">
      <Filter>Source Files\Rendering</Filter>
    </ClCompile>
    <ClCompile Include="SceneGraph.cpp">
      <Filter>Source Files\Rendering</Filter>
    </ClCompile>
    <ClCompile Include="Entity.cpp">
      <Filter>Source Files\CoreEngine</Filter>
    </ClCompile>
    <ClCompile Include="Component.cpp">
      <Filter>Source Files\CoreEngine</Filter>
    </ClCompile>
    <ClCompile Include="TestCom.cpp">
      <Filter>Source Files\Component</Filter>
    </ClCompile>
    <ClCompile Include="Transform.cpp">
      <Filter>Source Files\Component</Filter>
    </ClCompile>
    <ClCompile Include="TransformSystem.cpp">
      <Filter>Source Files\System</Filter>
    </ClCompile>
    <ClCompile Include="ScriptComponent.cpp">
      <Filter>Source Files\Component</Filter>
    </ClCompile>
    <ClCompile Include="RigidBody.cpp">
      <Filter>Source Files\Component</Filter>
    </ClCompile>
    <ClCompile Include="Shader.cpp">
      <Filter>Source Files\Rendering</Filter>
    </ClCompile>
    <ClCompile Include="ConstantBuffer.cpp">
      <Filter>Source Files\Rendering</Filter>
    </ClCompile>
    <ClCompile Include="DebugCam.cpp">
      <Filter>Source Files</Filter>
    </ClCompile>
    <ClCompile Include="Engine.cpp">
      <Filter>Source Files</Filter>
    </ClCompile>
    <ClCompile Include="Scene.cpp">
      <Filter>Source Files</Filter>
    </ClCompile>
    <ClCompile Include="ComponentManager.cpp">
      <Filter>Source Files\CoreEngine</Filter>
    </ClCompile>
    <ClCompile Include="EntityManager.cpp">
      <Filter>Source Files\CoreEngine</Filter>
    </ClCompile>
    <ClCompile Include="Object.cpp">
      <Filter>Source Files\CoreEngine</Filter>
    </ClCompile>
    <ClCompile Include="GUI.cpp">
      <Filter>Source Files\GUI</Filter>
    </ClCompile>
    <ClCompile Include="ImGui\imgui.cpp">
      <Filter>ImGUI Dependencies</Filter>
    </ClCompile>
    <ClCompile Include="ImGui\imgui_demo.cpp">
      <Filter>ImGUI Dependencies</Filter>
    </ClCompile>
    <ClCompile Include="ImGui\imgui_draw.cpp">
      <Filter>ImGUI Dependencies</Filter>
    </ClCompile>
    <ClCompile Include="ImGui\imgui_impl_dx11.cpp">
      <Filter>ImGUI Dependencies</Filter>
    </ClCompile>
    <ClCompile Include="Lighting.cpp">
      <Filter>Source Files\Component</Filter>
    </ClCompile>
    <ClCompile Include="CollisionDetection.cpp">
      <Filter>Source Files</Filter>
    </ClCompile>
    <ClCompile Include="ParticleEmitter.cpp">
      <Filter>Source Files\Rendering\ParticleSystem</Filter>
    </ClCompile>
    <ClCompile Include="ParticlePool.cpp">
      <Filter>Source Files\Rendering\ParticleSystem</Filter>
    </ClCompile>
    <ClCompile Include="ParticleSystem.cpp">
      <Filter>Source Files\Rendering\ParticleSystem</Filter>
    </ClCompile>
    <ClCompile Include="FrameCapture.cpp">
      <Filter>Source Files\Rendering</Filter>
    </ClCompile>
    <ClCompile Include="BoundRenderer.cpp">
      <Filter>Source Files\Rendering</Filter>
    </ClCompile>
    <ClCompile Include="OctTree.cpp">
      <Filter>Source Files</Filter>
    </ClCompile>
  </ItemGroup>
  <ItemGroup>
    <ClInclude Include="Lights.h">
      <Filter>Header Files\Rendering\Lighting</Filter>
    </ClInclude>
    <ClInclude Include="Camera.h">
      <Filter>Header Files\Rendering\Camera</Filter>
    </ClInclude>
    <ClInclude Include="DirectXGameCore.h">
      <Filter>Header Files\Rendering</Filter>
    </ClInclude>
    <ClInclude Include="dxerr.h">
      <Filter>Header Files\Rendering</Filter>
    </ClInclude>
    <ClInclude Include="HUD.h">
      <Filter>Header Files\Rendering</Filter>
    </ClInclude>
    <ClInclude Include="Material.h">
      <Filter>Header Files\Rendering</Filter>
    </ClInclude>
    <ClInclude Include="Mesh.h">
      <Filter>Header Files\Rendering</Filter>
    </ClInclude>
    <ClInclude Include="SimpleShader.h">
      <Filter>Header Files\Rendering</Filter>
    </ClInclude>
    <ClInclude Include="Vertex.h">
      <Filter>Header Files\Rendering</Filter>
    </ClInclude>
    <ClInclude Include="InputManager.h">
      <Filter>Header Files\Input</Filter>
    </ClInclude>
    <ClInclude Include="Main.h">
      <Filter>Header Files</Filter>
    </ClInclude>
    <ClInclude Include="AssimpLoader.h">
      <Filter>Header Files\Rendering</Filter>
    </ClInclude>
    <ClInclude Include="Texture.h">
      <Filter>Header Files\Rendering</Filter>
    </ClInclude>
    <ClInclude Include="RenderingSystem.h">
      <Filter>Header Files\Rendering</Filter>
    </ClInclude>
    <ClInclude Include="NativeWindow.h">
      <Filter>Header Files</Filter>
    </ClInclude>
    <ClInclude Include="SceneGraph.h">
      <Filter>Header Files\Rendering</Filter>
    </ClInclude>
    <ClInclude Include="Transform.h">
      <Filter>Header Files</Filter>
    </ClInclude>
    <ClInclude Include="Renderable.h">
      <Filter>Header Files\Rendering</Filter>
    </ClInclude>
    <ClInclude Include="Shader.h">
      <Filter>Header Files\Rendering</Filter>
    </ClInclude>
    <ClInclude Include="ConstantBuffer.h">
      <Filter>Header Files\Rendering</Filter>
    </ClInclude>
    <ClInclude Include="DebugCam.h">
      <Filter>Header Files</Filter>
    </ClInclude>
    <ClInclude Include="Engine.h">
      <Filter>Header Files</Filter>
    </ClInclude>
    <ClInclude Include="Scene.h">
      <Filter>Header Files</Filter>
    </ClInclude>
    <ClInclude Include="Entity.h">
      <Filter>Header Files\CoreEngine</Filter>
    </ClInclude>
    <ClInclude Include="Component.h">
      <Filter>Header Files\CoreEngine</Filter>
    </ClInclude>
    <ClInclude Include="TestCom.h">
      <Filter>Header Files\Component</Filter>
    </ClInclude>
    <ClInclude Include="ClassTypeId.h">
      <Filter>Header Files\CoreEngine</Filter>
    </ClInclude>
    <ClInclude Include="Transform.h">
      <Filter>Header Files\Component</Filter>
    </ClInclude>
    <ClInclude Include="ScriptComponent.h">
      <Filter>Header Files\Component</Filter>
    </ClInclude>
    <ClInclude Include="TransformSystem.h">
      <Filter>Header Files\System</Filter>
    </ClInclude>
    <ClInclude Include="RigidBody.h">
      <Filter>Header Files\Component</Filter>
    </ClInclude>
    <ClInclude Include="ComponentManager.h">
      <Filter>Header Files\CoreEngine</Filter>
    </ClInclude>
    <ClInclude Include="EntityManager.h">
      <Filter>Header Files\CoreEngine</Filter>
    </ClInclude>
    <ClInclude Include="Object.h">
      <Filter>Header Files\CoreEngine</Filter>
    </ClInclude>
    <ClInclude Include="GUI.h">
      <Filter>Header Files\GUI</Filter>
    </ClInclude>
    <ClInclude Include="ImGui\imconfig.h">
      <Filter>ImGUI Dependencies</Filter>
    </ClInclude>
    <ClInclude Include="ImGui\imgui.h">
      <Filter>ImGUI Dependencies</Filter>
    </ClInclude>
    <ClInclude Include="ImGui\imgui_impl_dx11.h">
      <Filter>ImGUI Dependencies</Filter>
    </ClInclude>
    <ClInclude Include="ImGui\imgui_internal.h">
      <Filter>ImGUI Dependencies</Filter>
    </ClInclude>
    <ClInclude Include="ImGui\stb_rect_pack.h">
      <Filter>ImGUI Dependencies</Filter>
    </ClInclude>
    <ClInclude Include="ImGui\stb_textedit.h">
      <Filter>ImGUI Dependencies</Filter>
    </ClInclude>
    <ClInclude Include="ImGui\stb_truetype.h">
      <Filter>ImGUI Dependencies</Filter>
    </ClInclude>
    <ClInclude Include="StackAllocator.h">
      <Filter>Header Files</Filter>
    </ClInclude>
    <ClInclude Include="Lighting.h">
      <Filter>Header Files\Component</Filter>
    </ClInclude>
    <ClInclude Include="CollisionDetection.h">
      <Filter>Header Files</Filter>
    </ClInclude>
    <ClInclude Include="ObjectPool.h">
      <Filter>Header Files</Filter>
    </ClInclude>
    <ClInclude Include="Emitter.h">
      <Filter>Header Files\Rendering\ParticleSystem</Filter>
    </ClInclude>
    <ClInclude Include="Particle.h">
      <Filter>Header Files\Rendering\ParticleSystem</Filter>
    </ClInclude>
    <ClInclude Include="ParticleEmitter.h">
      <Filter>Header Files\Rendering\ParticleSystem</Filter>
    </ClInclude>
    <ClInclude Include="ParticlePool.h">
      <Filter>Header Files\Rendering\ParticleSystem</Filter>
    </ClInclude>
    <ClInclude Include="ParticleShaderCommon.h">
      <Filter>Header Files\Rendering\ParticleSystem</Filter>
    </ClInclude>
    <ClInclude Include="ParticleSystem.h">
      <Filter>Header Files\Rendering\ParticleSystem</Filter>
    </ClInclude>
    <ClInclude Include="FrameCapture.h">
      <Filter>Header Files\Rendering</Filter>
    </ClInclude>
    <ClInclude Include="BoundRenderer.h">
      <Filter>Header Files\Rendering</Filter>
    </ClInclude>
    <ClInclude Include="OctTree.h">
      <Filter>Header Files</Filter>
    </ClInclude>
  </ItemGroup>
  <ItemGroup>
    <FxCompile Include="Shaders\PixelShader.hlsl">
      <Filter>Shaders</Filter>
    </FxCompile>
    <FxCompile Include="Shaders\VertexShader.hlsl">
      <Filter>Shaders</Filter>
    </FxCompile>
    <FxCompile Include="Shaders\PixelShaderSky.hlsl">
      <Filter>Shaders</Filter>
    </FxCompile>
    <FxCompile Include="Shaders\VertexShaderSky.hlsl">
      <Filter>Shaders</Filter>
    </FxCompile>
    <FxCompile Include="Shaders\Opaque_PS.hlsl">
      <Filter>Shaders</Filter>
    </FxCompile>
    <FxCompile Include="Shaders\Opaque_VS.hlsl">
      <Filter>Shaders</Filter>
    </FxCompile>
    <FxCompile Include="Shaders\Opaque.fx">
      <Filter>Shaders</Filter>
    </FxCompile>
    <FxCompile Include="Shaders\Skybox.fx">
      <Filter>Shaders</Filter>
    </FxCompile>
    <FxCompile Include="Shaders\ParticleCS.hlsl">
      <Filter>Shaders</Filter>
    </FxCompile>
    <FxCompile Include="Shaders\ParticleEmitterCS.hlsl">
      <Filter>Shaders</Filter>
    </FxCompile>
    <FxCompile Include="Shaders\ParticleInitCS.hlsl">
      <Filter>Shaders</Filter>
    </FxCompile>
    <FxCompile Include="Shaders\ParticlePS.hlsl">
      <Filter>Shaders</Filter>
    </FxCompile>
    <FxCompile Include="Shaders\ParticleVS.hlsl">
      <Filter>Shaders</Filter>
    </FxCompile>
    <FxCompile Include="Shaders\BoundRenderer.fx">
      <Filter>Shaders</Filter>
    </FxCompile>
  </ItemGroup>
  <ItemGroup>
    <None Include="packages.config" />
    <None Include="Shaders\ConstantBuffers.hlsli">
      <Filter>Shaders</Filter>
    </None>
    <None Include="Shaders\Lights.hlsli">
      <Filter>Shaders</Filter>
    </None>
    <None Include="Shaders\CommonStructs.hlsli">
      <Filter>Shaders</Filter>
    </None>
    <None Include="..\..\Scripts\script.lua">
      <Filter>Scripts</Filter>
    </None>
    <None Include="..\..\Scripts\script2.lua">
      <Filter>Scripts</Filter>
    </None>
    <None Include="Shaders\Noise.hlsli">
      <Filter>Shaders</Filter>
    </None>
  </ItemGroup>
</Project>