<?xml version="1.0" encoding="utf-8"?>
<Project ToolsVersion="4.0" xmlns="http://schemas.microsoft.com/developer/msbuild/2003">
  <ItemGroup>
    <Filter Include="Source Files">
      <UniqueIdentifier>{4FC737F1-C7A5-4376-A066-2A32D752A2FF}</UniqueIdentifier>
      <Extensions>cpp;c;cc;cxx;def;odl;idl;hpj;bat;asm;asmx</Extensions>
    </Filter>
    <Filter Include="Header Files">
      <UniqueIdentifier>{93995380-89BD-4b04-88EB-625FBE52EBFB}</UniqueIdentifier>
      <Extensions>h;hpp;hxx;hm;inl;inc;xsd</Extensions>
    </Filter>
    <Filter Include="Resource Files">
      <UniqueIdentifier>{67DA6AB6-F800-4c08-8B7A-83BB121AAD01}</UniqueIdentifier>
      <Extensions>rc;ico;cur;bmp;dlg;rc2;rct;bin;rgs;gif;jpg;jpeg;jpe;resx;tiff;tif;png;wav;mfcribbon-ms</Extensions>
    </Filter>
    <Filter Include="Shaders">
      <UniqueIdentifier>{e11479ef-8a44-4ba5-9d5a-c14237485115}</UniqueIdentifier>
    </Filter>
    <Filter Include="Source Files\Rendering">
      <UniqueIdentifier>{42a831ca-94bb-4a58-b874-d67192b2194a}</UniqueIdentifier>
    </Filter>
    <Filter Include="Source Files\Rendering\HUD">
      <UniqueIdentifier>{14d3f7ec-75e1-4c34-8e47-403896e8be25}</UniqueIdentifier>
    </Filter>
    <Filter Include="Header Files\Rendering">
      <UniqueIdentifier>{289ab806-672c-4716-8eab-b47d43d5ae2c}</UniqueIdentifier>
    </Filter>
    <Filter Include="Header Files\Rendering\HUD">
      <UniqueIdentifier>{9c47c6ce-665b-434b-b117-d0fd7f1bbcb2}</UniqueIdentifier>
    </Filter>
    <Filter Include="Source Files\Rendering\Camera">
      <UniqueIdentifier>{5a8c79f7-aca1-4210-a41a-325314e5c730}</UniqueIdentifier>
    </Filter>
    <Filter Include="Source Files\Input">
      <UniqueIdentifier>{0f4c701b-8815-45f5-b471-a9f3690bd48d}</UniqueIdentifier>
    </Filter>
    <Filter Include="Header Files\Rendering\Camera">
      <UniqueIdentifier>{71485731-1dfb-475b-8d7c-210022bf0642}</UniqueIdentifier>
    </Filter>
    <Filter Include="Header Files\Input">
      <UniqueIdentifier>{44a4bcf9-26ab-48e6-831f-e41903d9f782}</UniqueIdentifier>
    </Filter>
  </ItemGroup>
  <ItemGroup>
    <ClCompile Include="Entity.cpp">
      <Filter>Source Files</Filter>
    </ClCompile>
    <ClCompile Include="Main.cpp">
      <Filter>Source Files</Filter>
    </ClCompile>
    <ClCompile Include="HUD.cpp">
      <Filter>Source Files\Rendering\HUD</Filter>
    </ClCompile>
    <ClCompile Include="Camera.cpp">
      <Filter>Source Files\Rendering\Camera</Filter>
    </ClCompile>
    <ClCompile Include="GamePadXbox.cpp">
      <Filter>Source Files\Input</Filter>
    </ClCompile>
    <ClCompile Include="Material.cpp">
      <Filter>Source Files\Rendering</Filter>
    </ClCompile>
    <ClCompile Include="Mesh.cpp">
      <Filter>Source Files\Rendering</Filter>
    </ClCompile>
    <ClCompile Include="SimpleShader.cpp">
      <Filter>Source Files\Rendering</Filter>
    </ClCompile>
    <ClCompile Include="dxerr.cpp">
      <Filter>Source Files\Rendering</Filter>
    </ClCompile>
    <ClCompile Include="DirectXGameCore.cpp">
      <Filter>Source Files\Rendering</Filter>
    </ClCompile>
  </ItemGroup>
  <ItemGroup>
    <ClInclude Include="Entity.h">
      <Filter>Header Files</Filter>
    </ClInclude>
    <ClInclude Include="Main.h">
      <Filter>Header Files</Filter>
    </ClInclude>
    <ClInclude Include="HUD.h">
      <Filter>Header Files\Rendering\HUD</Filter>
    </ClInclude>
    <ClInclude Include="Camera.h">
      <Filter>Header Files\Rendering\Camera</Filter>
    </ClInclude>
    <ClInclude Include="DirectXGameCore.h">
      <Filter>Header Files\Rendering</Filter>
    </ClInclude>
    <ClInclude Include="dxerr.h">
      <Filter>Header Files\Rendering</Filter>
    </ClInclude>
    <ClInclude Include="GamePadXbox.h">
      <Filter>Header Files\Input</Filter>
    </ClInclude>
    <ClInclude Include="Lights.h">
      <Filter>Header Files\Rendering</Filter>
    </ClInclude>
    <ClInclude Include="Material.h">
      <Filter>Header Files\Rendering</Filter>
    </ClInclude>
    <ClInclude Include="SimpleShader.h">
      <Filter>Header Files\Rendering</Filter>
    </ClInclude>
    <ClInclude Include="Vertex.h">
      <Filter>Header Files\Rendering</Filter>
    </ClInclude>
    <ClInclude Include="Mesh.h">
      <Filter>Header Files\Rendering</Filter>
    </ClInclude>
  </ItemGroup>
  <ItemGroup>
    <FxCompile Include="Shaders\PixelShader.hlsl">
      <Filter>Shaders</Filter>
    </FxCompile>
    <FxCompile Include="Shaders\VertexShader.hlsl">
      <Filter>Shaders</Filter>
    </FxCompile>
    <FxCompile Include="DebugLineVS.hlsl">
      <Filter>Shaders</Filter>
    </FxCompile>
    <FxCompile Include="DebugLinePS.hlsl">
      <Filter>Shaders</Filter>
    </FxCompile>
  </ItemGroup>
  <ItemGroup>
    <None Include="packages.config" />
  </ItemGroup>
</Project>